{
  "version": "5",
  "remote": {
    "https://deno.land/x/csp_nonce_html_transformer@v2.4.0/pkg/csp_nonce_html_transformer.js": "b1b65b96c67d9b6cb3639a162911d23d8d8c5e30d404c9294b8d60cbd9a85e49",
    "https://deno.land/x/csp_nonce_html_transformer@v2.4.0/pkg/html-rewriter-wasm.ts": "62911417417e6bdc0368da45d60c8843996c0e328eb54ecdca7d7982757c2378",
    "https://deno.land/x/csp_nonce_html_transformer@v2.4.0/src/csp-internal.ts": "c55e2216075d212c96b4d513e10688de01d40ffd07280f721f135e41c3de9056",
    "https://deno.land/x/csp_nonce_html_transformer@v2.4.0/src/html_rewriter_wrapper.ts": "f34942ece7864e7b79f35bd92419012a21c0574da1e76af9f84926ece657fa78",
    "https://deno.land/x/csp_nonce_html_transformer@v2.4.0/src/index-embedded-wasm.ts": "2cc86d384cefa82c4d96cb9f40b430bc89d1ba9027275ffdb266d9a00abc371c",
    "https://edge.netlify.com/": "fd941d61d88673d5f28aab283fb86fcc50f08a3bc80ee5470498fcfa88c65cfb",
    "https://edge.netlify.com/bootstrap/config.ts": "6a2ce0e544e15e8f8883a5c18da5948e37fd0f2619f68cb31f3af53c51817025",
    "https://edge.netlify.com/bootstrap/context.ts": "e97240232121e2f369f6546ce961490f34d961ea1ea54be3ff09633e3f08373f",
    "https://edge.netlify.com/bootstrap/cookie.ts": "8b0baae708989ca183c6f3b4ab3d029e6abcbc2e43f93edeb0ff447b3bbc3a05",
    "https://edge.netlify.com/bootstrap/edge_function.ts": "b8253e86aa83c67341f5cfedeba5049d77fbf84dcab7eceff7566b7728ae9b39",
    "https://edge.netlify.com/bootstrap/globals/types.ts": "eaa6148ded3121d8dee62dd91c86e7fe76601df0f3ca8d7962243a30f4c8935f"
  },
  "workspace": {
    "packageJson": {
      "dependencies": [
        "npm:@changesets/cli@^2.29.7",
        "npm:@prisma/client@^6.16.3",
        "npm:@prisma/extension-accelerate@^2.0.2",
        "npm:abbrev@^3.0.1",
        "npm:abort-controller@3",
        "npm:acorn-import-attributes@^1.9.5",
        "npm:acorn@^8.15.0",
        "npm:agent-base@^7.1.4",
        "npm:ansi-regex@^6.2.2",
        "npm:ansi-styles@^6.2.3",
        "npm:ansis@^4.2.0",
        "npm:archiver-utils@^5.0.2",
        "npm:archiver@^7.0.1",
        "npm:ast-module-types@^6.0.1",
        "npm:async-sema@^3.1.1",
        "npm:async@^3.2.6",
        "npm:b4a@^1.7.3",
        "npm:balanced-match@^1.0.2",
        "npm:bare-events@^2.7.0",
        "npm:base64-js@^1.5.1",
        "npm:bindings@^1.5.0",
        "npm:brace-expansion@^2.0.2",
        "npm:braces@^3.0.3",
        "npm:buffer-crc32@1",
        "npm:buffer-from@^1.1.2",
        "npm:buffer@^6.0.3",
        "npm:callsite@1",
        "npm:chokidar@^4.0.3",
        "npm:chownr@3",
        "npm:cliui@^8.0.1",
        "npm:color-convert@^3.1.2",
        "npm:color-name@^1.1.4",
        "npm:color-string@^2.1.2",
        "npm:color@^5.0.2",
        "npm:commander@^10.0.1",
        "npm:common-path-prefix@3",
        "npm:compress-commons@^6.0.2",
        "npm:consola@^3.4.2",
        "npm:copy-file@^11.1.0",
        "npm:core-util-is@^1.0.3",
        "npm:crc-32@^1.2.2",
        "npm:crc32-stream@6",
        "npm:cron-parser@^4.9.0",
        "npm:cross-spawn@^7.0.6",
        "npm:cssesc@3",
        "npm:debug@^4.4.3",
        "npm:decache@^4.6.2",
        "npm:detect-libc@^2.1.1",
        "npm:detective-amd@^6.0.1",
        "npm:detective-cjs@^6.0.1",
        "npm:detective-es6@^5.0.1",
        "npm:detective-postcss@^7.0.1",
        "npm:detective-sass@^6.0.1",
        "npm:detective-scss@^5.0.1",
        "npm:detective-stylus@^5.0.1",
        "npm:detective-typescript@14",
        "npm:detective-vue2@^2.2.0",
        "npm:dettle@^1.0.5",
        "npm:dot-prop@9",
        "npm:dotenv@^16.6.1",
        "npm:eastasianwidth@0.2",
        "npm:emoji-regex@^9.2.2",
        "npm:empathic@2",
        "npm:enabled@2",
        "npm:end-of-stream@^1.4.5",
        "npm:entities@^4.5.0",
        "npm:env-paths@3",
        "npm:es-module-lexer@^1.7.0",
        "npm:esbuild@~0.25.10",
        "npm:escalade@^3.2.0",
        "npm:escodegen@^2.1.0",
        "npm:eslint-visitor-keys@^4.2.1",
        "npm:esprima@^4.0.1",
        "npm:estraverse@^5.3.0",
        "npm:estree-walker@^2.0.2",
        "npm:esutils@^2.0.3",
        "npm:event-target-shim@^5.0.1",
        "npm:events-universal@^1.0.1",
        "npm:events@^3.3.0",
        "npm:execa@^8.0.1",
        "npm:extract-zip@^2.0.1",
        "npm:fast-fifo@^1.3.2",
        "npm:fast-glob@^3.3.3",
        "npm:fastq@^1.19.1",
        "npm:fd-slicer@^1.1.0",
        "npm:fecha@^4.2.3",
        "npm:file-uri-to-path@1",
        "npm:fill-range@^7.1.1",
        "npm:filter-obj@^6.1.0",
        "npm:find-up-simple@^1.0.1",
        "npm:find-up@7",
        "npm:fn.name@^1.1.0",
        "npm:foreground-child@^3.3.1",
        "npm:function-bind@^1.1.2",
        "npm:get-amd-module-type@^6.0.1",
        "npm:get-caller-file@^2.0.5",
        "npm:get-stream@^8.0.1",
        "npm:glob-parent@^5.1.2",
        "npm:glob@^10.4.5",
        "npm:gonzales-pe@^4.3.0",
        "npm:graceful-fs@^4.2.11",
        "npm:hasown@^2.0.2",
        "npm:hosted-git-info@^7.0.2",
        "npm:https-proxy-agent@^7.0.6",
        "npm:human-signals@5",
        "npm:ieee754@^1.2.1",
        "npm:image-size@^2.0.2",
        "npm:imurmurhash@~0.1.4",
        "npm:index-to-position@^1.2.0",
        "npm:inherits@^2.0.4",
        "npm:is-core-module@^2.16.1",
        "npm:is-extglob@^2.1.1",
        "npm:is-fullwidth-code-point@3",
        "npm:is-glob@^4.0.3",
        "npm:is-number@7",
        "npm:is-path-inside@4",
        "npm:is-plain-obj@^2.1.0",
        "npm:is-stream@^4.0.1",
        "npm:is-url-superb@4",
        "npm:is-url@^1.2.4",
        "npm:isarray@1",
        "npm:isexe@2",
        "npm:jackspeak@^3.4.3",
        "npm:jpeg-js@~0.4.4",
        "npm:js-image-generator@^1.0.4",
        "npm:js-tokens@4",
        "npm:junk@^4.0.1",
        "npm:jwt-decode@4",
        "npm:kuler@2",
        "npm:lambda-local@^2.2.0",
        "npm:lazystream@^1.0.1",
        "npm:locate-path@^7.2.0",
        "npm:lodash@^4.17.21",
        "npm:logform@^2.7.0",
        "npm:lru-cache@^10.4.3",
        "npm:luxon@^3.7.2",
        "npm:magic-string@~0.30.19",
        "npm:merge-options@^3.0.4",
        "npm:merge-stream@2",
        "npm:merge2@^1.4.1",
        "npm:micromatch@^4.0.8",
        "npm:mimic-fn@4",
        "npm:minimatch@^9.0.5",
        "npm:minimist@^1.2.8",
        "npm:minipass@^7.1.2",
        "npm:minizlib@^3.1.0",
        "npm:module-definition@^6.0.1",
        "npm:ms@^2.1.3",
        "npm:nanoid@^3.3.11",
        "npm:node-fetch@^2.7.0",
        "npm:node-gyp-build@^4.8.4",
        "npm:node-source-walk@^7.0.1",
        "npm:nopt@^8.1.0",
        "npm:normalize-package-data@^6.0.2",
        "npm:normalize-path@3",
        "npm:npm-run-path@^5.3.0",
        "npm:obuf@^1.1.2",
        "npm:once@^1.4.0",
        "npm:one-time@1",
        "npm:onetime@6",
        "npm:p-event@^6.0.1",
        "npm:p-limit@4",
        "npm:p-locate@6",
        "npm:p-map@^7.0.3",
        "npm:p-timeout@^6.1.4",
        "npm:package-json-from-dist@^1.0.1",
        "npm:parse-gitignore@2",
        "npm:parse-json@^8.3.0",
        "npm:path-exists@5",
        "npm:path-key@^3.1.1",
        "npm:path-parse@^1.0.7",
        "npm:path-scurry@^1.11.1",
        "npm:pend@^1.2.0",
        "npm:pg-int8@^1.0.1",
        "npm:pg-numeric@^1.0.2",
        "npm:pg-protocol@^1.10.3",
        "npm:pg-types@^4.1.0",
        "npm:picocolors@^1.1.1",
        "npm:picomatch@^4.0.3",
        "npm:postcss-selector-parser@^6.1.2",
        "npm:postcss-values-parser@^6.0.2",
        "npm:postcss@^8.5.6",
        "npm:postgres-array@^3.0.4",
        "npm:postgres-bytea@3",
        "npm:postgres-date@^2.1.0",
        "npm:postgres-interval@3",
        "npm:postgres-range@^1.1.4",
        "npm:precinct@^12.2.0",
        "npm:prisma@^6.16.3",
        "npm:process-nextick-args@^2.0.1",
        "npm:process@~0.11.10",
        "npm:pump@^3.0.3",
        "npm:purgecss@^7.0.2",
        "npm:queue-microtask@^1.2.3",
        "npm:quote-unquote@1",
        "npm:read-package-up@11",
        "npm:read-pkg@^9.0.1",
        "npm:readable-stream@^4.7.0",
        "npm:readdir-glob@^1.1.3",
        "npm:readdirp@^4.1.2",
        "npm:remove-trailing-separator@^1.1.0",
        "npm:require-directory@^2.1.1",
        "npm:require-package-name@^2.0.1",
        "npm:resolve-from@5",
        "npm:resolve@^2.0.0-next.5",
        "npm:retypeapp-win-x64@^3.11.0",
        "npm:reusify@^1.1.0",
        "npm:run-parallel@^1.2.0",
        "npm:safe-buffer@^5.2.1",
        "npm:safe-stable-stringify@^2.5.0",
        "npm:semver@^7.7.2",
        "npm:shebang-command@2",
        "npm:shebang-regex@3",
        "npm:signal-exit@^4.1.0",
        "npm:source-map-js@^1.2.1",
        "npm:source-map-support@~0.5.21",
        "npm:source-map@~0.6.1",
        "npm:spdx-correct@^3.2.0",
        "npm:spdx-exceptions@^2.5.0",
        "npm:spdx-expression-parse@^3.0.1",
        "npm:spdx-license-ids@^3.0.22",
        "npm:stack-trace@^0.0.10",
        "npm:streamx@^2.23.0",
        "npm:string-width-cjs@^4.2.3",
        "npm:string-width@^5.1.2",
        "npm:string_decoder@^1.3.0",
        "npm:strip-ansi-cjs@^6.0.1",
        "npm:strip-ansi@^7.1.2",
        "npm:strip-final-newline@3",
        "npm:supports-preserve-symlinks-flag@1",
        "npm:tar-stream@^3.1.7",
        "npm:tar@^7.5.1",
        "npm:text-decoder@^1.2.3",
        "npm:text-hex@1",
        "npm:tmp-promise@^3.0.3",
        "npm:tmp@~0.2.5",
        "npm:to-regex-range@^5.0.1",
        "npm:toml@3",
        "npm:tr46@^0.0.3",
        "npm:triple-beam@^1.4.1",
        "npm:ts-api-utils@^2.1.0",
        "npm:tslib@^2.8.1",
        "npm:type-fest@^4.41.0",
        "npm:typescript@^5.9.3",
        "npm:undici-types@^7.13.0",
        "npm:unicorn-magic@0.1",
        "npm:unixify@1",
        "npm:urlpattern-polyfill@^8.0.2",
        "npm:util-deprecate@^1.0.2",
        "npm:uuid@^11.1.0",
        "npm:validate-npm-package-license@^3.0.4",
        "npm:webidl-conversions@^3.0.1",
        "npm:whatwg-url@5",
        "npm:which@^2.0.2",
        "npm:winston-transport@^4.9.0",
        "npm:winston@^3.18.3",
        "npm:wrap-ansi-cjs@7",
        "npm:wrap-ansi@^8.1.0",
        "npm:wrappy@^1.0.2",
        "npm:write-file-atomic@^5.0.1",
        "npm:y18n@^5.0.8",
        "npm:yallist@5",
        "npm:yargs-parser@^21.1.1",
        "npm:yargs@^17.7.2",
        "npm:yauzl@^2.10.0",
        "npm:yocto-queue@^1.2.1",
        "npm:zip-stream@^6.0.1",
        "npm:zod@^3.25.76"
      ]
    }
  }
}
